
Microsoft Visual Studio Solution File, Format Version 12.00
# Visual Studio Version 16
VisualStudioVersion = 16.0.30330.147
MinimumVisualStudioVersion = 10.0.40219.1
Project("{FAE04EC0-301F-11D3-BF4B-00C04F79EFBC}") = "lesson_02_method_with_return_value", "lesson_02_method_with_return_value\lesson_02_method_with_return_value.csproj", "{DD5D1AA7-57C6-4987-8F7F-BDF37CE3077C}"
EndProject
Global
	GlobalSection(SolutionConfigurationPlatforms) = preSolution
		Debug|Any CPU = Debug|Any CPU
		Release|Any CPU = Release|Any CPU
	EndGlobalSection
	GlobalSection(ProjectConfigurationPlatforms) = postSolution
		{DD5D1AA7-57C6-4987-8F7F-BDF37CE3077C}.Debug|Any CPU.ActiveCfg = Debug|Any CPU
		{DD5D1AA7-57C6-4987-8F7F-BDF37CE3077C}.Debug|Any CPU.Build.0 = Debug|Any CPU
		{DD5D1AA7-57C6-4987-8F7F-BDF37CE3077C}.Release|Any CPU.ActiveCfg = Release|Any CPU
		{DD5D1AA7-57C6-4987-8F7F-BDF37CE3077C}.Release|Any CPU.Build.0 = Release|Any CPU
	EndGlobalSection
	GlobalSection(SolutionProperties) = preSolution
		HideSolutionNode = FALSE
	EndGlobalSection
	GlobalSection(ExtensibilityGlobals) = postSolution
		SolutionGuid = {D00C1A9E-F928-4AF1-A489-315812808478}
	EndGlobalSection
EndGlobal
