
Microsoft Visual Studio Solution File, Format Version 12.00
# Visual Studio Version 16
VisualStudioVersion = 16.0.30330.147
MinimumVisualStudioVersion = 10.0.40219.1
Project("{FAE04EC0-301F-11D3-BF4B-00C04F79EFBC}") = "lesson_03_implicit_and_explicit_conversion", "lesson_03_implicit_and_explicit_conversion\lesson_03_implicit_and_explicit_conversion.csproj", "{7BEB6E6B-4ECC-49D2-BDCF-BA9867087463}"
EndProject
Global
	GlobalSection(SolutionConfigurationPlatforms) = preSolution
		Debug|Any CPU = Debug|Any CPU
		Release|Any CPU = Release|Any CPU
	EndGlobalSection
	GlobalSection(ProjectConfigurationPlatforms) = postSolution
		{7BEB6E6B-4ECC-49D2-BDCF-BA9867087463}.Debug|Any CPU.ActiveCfg = Debug|Any CPU
		{7BEB6E6B-4ECC-49D2-BDCF-BA9867087463}.Debug|Any CPU.Build.0 = Debug|Any CPU
		{7BEB6E6B-4ECC-49D2-BDCF-BA9867087463}.Release|Any CPU.ActiveCfg = Release|Any CPU
		{7BEB6E6B-4ECC-49D2-BDCF-BA9867087463}.Release|Any CPU.Build.0 = Release|Any CPU
	EndGlobalSection
	GlobalSection(SolutionProperties) = preSolution
		HideSolutionNode = FALSE
	EndGlobalSection
	GlobalSection(ExtensibilityGlobals) = postSolution
		SolutionGuid = {3D401522-8832-4E62-B5F0-2C306315E0A6}
	EndGlobalSection
EndGlobal
